
Microsoft Visual Studio Solution File, Format Version 10.00
# Visual Studio 2008
# SharpDevelop 4.1.0.8000
Project("{FAE04EC0-301F-11D3-BF4B-00C04F79EFBC}") = "FireWorkflow.Net", "FireWorkflow.Net\FireWorkflow.Net.csproj", "{10D41B1F-AB41-4A4F-A2FA-415BF23869A9}"
EndProject
Project("{FAE04EC0-301F-11D3-BF4B-00C04F79EFBC}") = "FireWorkflow.Net.Persistence.OracleDAL", "FireWorkflow.Net.Persistence.OracleDAL\FireWorkflow.Net.Persistence.OracleDAL.csproj", "{36D872DC-8503-4DBD-B580-2C69D851B4F5}"
EndProject
Project("{FAE04EC0-301F-11D3-BF4B-00C04F79EFBC}") = "Web", "Web\Web.csproj", "{0E853C4E-4D97-41E3-85CE-EC4B66181D86}"
EndProject
Project("{FAE04EC0-301F-11D3-BF4B-00C04F79EFBC}") = "FireWorkflow.Net.Persistence.SqlServerDAL", "FireWorkflow.Net.Persistence.SqlServerDAL\FireWorkflow.Net.Persistence.SqlServerDAL.csproj", "{21520687-37FB-47DC-87DA-67D840E70201}"
EndProject
Project("{FAE04EC0-301F-11D3-BF4B-00C04F79EFBC}") = "FireWorkflow.Net.Persistence.NHibernateDAL", "FireWorkflow.Net.Persistence.NHibernateDAL\FireWorkflow.Net.Persistence.NHibernateDAL.csproj", "{FD8FFDCF-235D-44CF-A70C-26813B0FBE9D}"
EndProject
Project("{FAE04EC0-301F-11D3-BF4B-00C04F79EFBC}") = "FireWorkflow.Net.Persistence.SQLiteDAL", "FireWorkflow.Net.Persistence.SqliteDAL\FireWorkflow.Net.Persistence.SQLiteDAL.csproj", "{CE1D3F38-392C-42C6-9839-008A1528D3A2}"
EndProject
Global
	GlobalSection(SolutionConfigurationPlatforms) = preSolution
		Debug|Any CPU = Debug|Any CPU
		Release|Any CPU = Release|Any CPU
		Debug|x86 = Debug|x86
		Release|x86 = Release|x86
	EndGlobalSection
	GlobalSection(ProjectConfigurationPlatforms) = postSolution
		{10D41B1F-AB41-4A4F-A2FA-415BF23869A9}.Debug|Any CPU.ActiveCfg = Debug|Any CPU
		{10D41B1F-AB41-4A4F-A2FA-415BF23869A9}.Debug|Any CPU.Build.0 = Debug|Any CPU
		{10D41B1F-AB41-4A4F-A2FA-415BF23869A9}.Release|Any CPU.ActiveCfg = Release|Any CPU
		{10D41B1F-AB41-4A4F-A2FA-415BF23869A9}.Release|Any CPU.Build.0 = Release|Any CPU
		{36D872DC-8503-4DBD-B580-2C69D851B4F5}.Debug|Any CPU.ActiveCfg = Debug|Any CPU
		{36D872DC-8503-4DBD-B580-2C69D851B4F5}.Debug|Any CPU.Build.0 = Debug|Any CPU
		{36D872DC-8503-4DBD-B580-2C69D851B4F5}.Release|Any CPU.ActiveCfg = Release|Any CPU
		{36D872DC-8503-4DBD-B580-2C69D851B4F5}.Release|Any CPU.Build.0 = Release|Any CPU
		{0E853C4E-4D97-41E3-85CE-EC4B66181D86}.Debug|Any CPU.ActiveCfg = Debug|Any CPU
		{0E853C4E-4D97-41E3-85CE-EC4B66181D86}.Debug|Any CPU.Build.0 = Debug|Any CPU
		{0E853C4E-4D97-41E3-85CE-EC4B66181D86}.Release|Any CPU.ActiveCfg = Release|Any CPU
		{0E853C4E-4D97-41E3-85CE-EC4B66181D86}.Release|Any CPU.Build.0 = Release|Any CPU
		{21520687-37FB-47DC-87DA-67D840E70201}.Debug|Any CPU.ActiveCfg = Debug|Any CPU
		{21520687-37FB-47DC-87DA-67D840E70201}.Debug|Any CPU.Build.0 = Debug|Any CPU
		{21520687-37FB-47DC-87DA-67D840E70201}.Release|Any CPU.ActiveCfg = Release|Any CPU
		{21520687-37FB-47DC-87DA-67D840E70201}.Release|Any CPU.Build.0 = Release|Any CPU
		{FD8FFDCF-235D-44CF-A70C-26813B0FBE9D}.Debug|Any CPU.Build.0 = Debug|x86
		{FD8FFDCF-235D-44CF-A70C-26813B0FBE9D}.Debug|Any CPU.ActiveCfg = Debug|x86
		{FD8FFDCF-235D-44CF-A70C-26813B0FBE9D}.Debug|x86.Build.0 = Debug|x86
		{FD8FFDCF-235D-44CF-A70C-26813B0FBE9D}.Debug|x86.ActiveCfg = Debug|x86
		{FD8FFDCF-235D-44CF-A70C-26813B0FBE9D}.Release|Any CPU.Build.0 = Release|x86
		{FD8FFDCF-235D-44CF-A70C-26813B0FBE9D}.Release|Any CPU.ActiveCfg = Release|x86
		{FD8FFDCF-235D-44CF-A70C-26813B0FBE9D}.Release|x86.Build.0 = Release|x86
		{FD8FFDCF-235D-44CF-A70C-26813B0FBE9D}.Release|x86.ActiveCfg = Release|x86
		{CE1D3F38-392C-42C6-9839-008A1528D3A2}.Debug|Any CPU.Build.0 = Debug|x86
		{CE1D3F38-392C-42C6-9839-008A1528D3A2}.Debug|Any CPU.ActiveCfg = Debug|x86
		{CE1D3F38-392C-42C6-9839-008A1528D3A2}.Debug|x86.Build.0 = Debug|x86
		{CE1D3F38-392C-42C6-9839-008A1528D3A2}.Debug|x86.ActiveCfg = Debug|x86
		{CE1D3F38-392C-42C6-9839-008A1528D3A2}.Release|Any CPU.Build.0 = Release|x86
		{CE1D3F38-392C-42C6-9839-008A1528D3A2}.Release|Any CPU.ActiveCfg = Release|x86
		{CE1D3F38-392C-42C6-9839-008A1528D3A2}.Release|x86.Build.0 = Release|x86
		{CE1D3F38-392C-42C6-9839-008A1528D3A2}.Release|x86.ActiveCfg = Release|x86
	EndGlobalSection
	GlobalSection(SolutionProperties) = preSolution
		HideSolutionNode = FALSE
	EndGlobalSection
	GlobalSection(SubversionScc) = preSolution
		Svn-Managed = True
		Manager = AnkhSVN - Subversion Support for Visual Studio
	EndGlobalSection
EndGlobal
